
Microsoft Visual Studio Solution File, Format Version 12.00
# Visual Studio Version 16
VisualStudioVersion = 16.0.29215.179
MinimumVisualStudioVersion = 10.0.40219.1
Project("{FAE04EC0-301F-11D3-BF4B-00C04F79EFBC}") = "ProjectSaveTheWorld", "ProjectSaveTheWorld\ProjectSaveTheWorld.csproj", "{C87BC1B0-C9D8-4711-B7FC-03D86E1AB7EA}"
EndProject
Global
	GlobalSection(SolutionConfigurationPlatforms) = preSolution
		Debug|Any CPU = Debug|Any CPU
		Release|Any CPU = Release|Any CPU
	EndGlobalSection
	GlobalSection(ProjectConfigurationPlatforms) = postSolution
		{C87BC1B0-C9D8-4711-B7FC-03D86E1AB7EA}.Debug|Any CPU.ActiveCfg = Debug|Any CPU
		{C87BC1B0-C9D8-4711-B7FC-03D86E1AB7EA}.Debug|Any CPU.Build.0 = Debug|Any CPU
		{C87BC1B0-C9D8-4711-B7FC-03D86E1AB7EA}.Release|Any CPU.ActiveCfg = Release|Any CPU
		{C87BC1B0-C9D8-4711-B7FC-03D86E1AB7EA}.Release|Any CPU.Build.0 = Release|Any CPU
	EndGlobalSection
	GlobalSection(SolutionProperties) = preSolution
		HideSolutionNode = FALSE
	EndGlobalSection
	GlobalSection(ExtensibilityGlobals) = postSolution
		SolutionGuid = {75AE20B6-B411-4E2C-B704-EAF40F61E681}
	EndGlobalSection
EndGlobal
